{
  "version": 4,
  "terraform_version": "1.13.4",
  "serial": 32,
  "lineage": "5f0bc1ad-9894-fa3c-32cc-464803719f48",
  "outputs": {
    "bucket_names": {
      "value": [
        "fl-demo-images",
        "fl-demo-logs",
        "fl-demo-reports"
      ],
      "type": [
        "tuple",
        [
          "string",
          "string",
          "string"
        ]
      ]
    }
  },
  "resources": [
    {
      "module": "module.fl_s3_bucket",
      "mode": "managed",
      "type": "aws_s3_bucket",
      "name": "fl_bucket",
      "provider": "provider[\"registry.terraform.io/hashicorp/aws\"]",
      "instances": [
        {
          "index_key": "fl-demo-images",
          "schema_version": 0,
          "attributes": {
            "acceleration_status": "",
            "acl": null,
            "arn": "arn:aws:s3:::fl-demo-images",
            "bucket": "fl-demo-images",
            "bucket_domain_name": "fl-demo-images.s3.amazonaws.com",
            "bucket_prefix": "",
            "bucket_region": "us-west-1",
            "bucket_regional_domain_name": "fl-demo-images.s3.us-west-1.amazonaws.com",
            "cors_rule": [],
            "force_destroy": false,
            "grant": [
              {
                "id": "7362d580a23ed4cf62aa3fd3f97526f53047440015a62a304dd34282feeb2d96",
                "permissions": [
                  "FULL_CONTROL"
                ],
                "type": "CanonicalUser",
                "uri": ""
              }
            ],
            "hosted_zone_id": "Z2F56UZL2M1ACD",
            "id": "fl-demo-images",
            "lifecycle_rule": [],
            "logging": [],
            "object_lock_configuration": [],
            "object_lock_enabled": false,
            "policy": "",
            "region": "us-west-1",
            "replication_configuration": [],
            "request_payer": "BucketOwner",
            "server_side_encryption_configuration": [
              {
                "rule": [
                  {
                    "apply_server_side_encryption_by_default": [
                      {
                        "kms_master_key_id": "",
                        "sse_algorithm": "AES256"
                      }
                    ],
                    "bucket_key_enabled": false
                  }
                ]
              }
            ],
            "tags": {
              "Environment": "dev",
              "Name": "fl-demo-images"
            },
            "tags_all": {
              "Environment": "dev",
              "Name": "fl-demo-images"
            },
            "timeouts": null,
            "versioning": [
              {
                "enabled": false,
                "mfa_delete": false
              }
            ],
            "website": [],
            "website_domain": null,
            "website_endpoint": null
          },
          "sensitive_attributes": [],
          "identity_schema_version": 0,
          "identity": {
            "account_id": "652734276000",
            "bucket": "fl-demo-images",
            "region": "us-west-1"
          },
          "private": "eyJlMmJmYjczMC1lY2FhLTExZTYtOGY4OC0zNDM2M2JjN2M0YzAiOnsiY3JlYXRlIjoxMjAwMDAwMDAwMDAwLCJkZWxldGUiOjM2MDAwMDAwMDAwMDAsInJlYWQiOjEyMDAwMDAwMDAwMDAsInVwZGF0ZSI6MTIwMDAwMDAwMDAwMH19"
        },
        {
          "index_key": "fl-demo-logs",
          "schema_version": 0,
          "attributes": {
            "acceleration_status": "",
            "acl": null,
            "arn": "arn:aws:s3:::fl-demo-logs",
            "bucket": "fl-demo-logs",
            "bucket_domain_name": "fl-demo-logs.s3.amazonaws.com",
            "bucket_prefix": "",
            "bucket_region": "us-west-1",
            "bucket_regional_domain_name": "fl-demo-logs.s3.us-west-1.amazonaws.com",
            "cors_rule": [],
            "force_destroy": false,
            "grant": [
              {
                "id": "7362d580a23ed4cf62aa3fd3f97526f53047440015a62a304dd34282feeb2d96",
                "permissions": [
                  "FULL_CONTROL"
                ],
                "type": "CanonicalUser",
                "uri": ""
              }
            ],
            "hosted_zone_id": "Z2F56UZL2M1ACD",
            "id": "fl-demo-logs",
            "lifecycle_rule": [],
            "logging": [],
            "object_lock_configuration": [],
            "object_lock_enabled": false,
            "policy": "{\"Statement\":[{\"Action\":\"s3:GetObject\",\"Effect\":\"Allow\",\"Principal\":\"*\",\"Resource\":\"arn:aws:s3:::fl-demo-logs/*\"}],\"Version\":\"2012-10-17\"}",
            "region": "us-west-1",
            "replication_configuration": [],
            "request_payer": "BucketOwner",
            "server_side_encryption_configuration": [
              {
                "rule": [
                  {
                    "apply_server_side_encryption_by_default": [
                      {
                        "kms_master_key_id": "",
                        "sse_algorithm": "AES256"
                      }
                    ],
                    "bucket_key_enabled": false
                  }
                ]
              }
            ],
            "tags": {
              "Environment": "dev",
              "Name": "fl-demo-logs"
            },
            "tags_all": {
              "Environment": "dev",
              "Name": "fl-demo-logs"
            },
            "timeouts": null,
            "versioning": [
              {
                "enabled": false,
                "mfa_delete": false
              }
            ],
            "website": [],
            "website_domain": null,
            "website_endpoint": null
          },
          "sensitive_attributes": [],
          "identity_schema_version": 0,
          "identity": {
            "account_id": "652734276000",
            "bucket": "fl-demo-logs",
            "region": "us-west-1"
          },
          "private": "eyJlMmJmYjczMC1lY2FhLTExZTYtOGY4OC0zNDM2M2JjN2M0YzAiOnsiY3JlYXRlIjoxMjAwMDAwMDAwMDAwLCJkZWxldGUiOjM2MDAwMDAwMDAwMDAsInJlYWQiOjEyMDAwMDAwMDAwMDAsInVwZGF0ZSI6MTIwMDAwMDAwMDAwMH19"
        },
        {
          "index_key": "fl-demo-reports",
          "schema_version": 0,
          "attributes": {
            "acceleration_status": "",
            "acl": null,
            "arn": "arn:aws:s3:::fl-demo-reports",
            "bucket": "fl-demo-reports",
            "bucket_domain_name": "fl-demo-reports.s3.amazonaws.com",
            "bucket_prefix": "",
            "bucket_region": "us-west-1",
            "bucket_regional_domain_name": "fl-demo-reports.s3.us-west-1.amazonaws.com",
            "cors_rule": [],
            "force_destroy": false,
            "grant": [
              {
                "id": "7362d580a23ed4cf62aa3fd3f97526f53047440015a62a304dd34282feeb2d96",
                "permissions": [
                  "FULL_CONTROL"
                ],
                "type": "CanonicalUser",
                "uri": ""
              }
            ],
            "hosted_zone_id": "Z2F56UZL2M1ACD",
            "id": "fl-demo-reports",
            "lifecycle_rule": [],
            "logging": [],
            "object_lock_configuration": [],
            "object_lock_enabled": false,
            "policy": "{\"Statement\":[{\"Action\":\"s3:DeleteObject\",\"Effect\":\"Allow\",\"Principal\":\"*\",\"Resource\":\"arn:aws:s3:::fl-demo-reports/*\"}],\"Version\":\"2012-10-17\"}",
            "region": "us-west-1",
            "replication_configuration": [],
            "request_payer": "BucketOwner",
            "server_side_encryption_configuration": [
              {
                "rule": [
                  {
                    "apply_server_side_encryption_by_default": [
                      {
                        "kms_master_key_id": "",
                        "sse_algorithm": "AES256"
                      }
                    ],
                    "bucket_key_enabled": false
                  }
                ]
              }
            ],
            "tags": {
              "Environment": "dev",
              "Name": "fl-demo-reports"
            },
            "tags_all": {
              "Environment": "dev",
              "Name": "fl-demo-reports"
            },
            "timeouts": null,
            "versioning": [
              {
                "enabled": false,
                "mfa_delete": false
              }
            ],
            "website": [],
            "website_domain": null,
            "website_endpoint": null
          },
          "sensitive_attributes": [],
          "identity_schema_version": 0,
          "identity": {
            "account_id": "652734276000",
            "bucket": "fl-demo-reports",
            "region": "us-west-1"
          },
          "private": "eyJlMmJmYjczMC1lY2FhLTExZTYtOGY4OC0zNDM2M2JjN2M0YzAiOnsiY3JlYXRlIjoxMjAwMDAwMDAwMDAwLCJkZWxldGUiOjM2MDAwMDAwMDAwMDAsInJlYWQiOjEyMDAwMDAwMDAwMDAsInVwZGF0ZSI6MTIwMDAwMDAwMDAwMH19"
        }
      ]
    },
    {
      "module": "module.fl_s3_bucket",
      "mode": "managed",
      "type": "aws_s3_bucket_policy",
      "name": "fl_bucket_policy",
      "provider": "provider[\"registry.terraform.io/hashicorp/aws\"]",
      "instances": [
        {
          "index_key": "fl-demo-images",
          "schema_version": 0,
          "attributes": {
            "bucket": "fl-demo-images",
            "id": "fl-demo-images",
            "policy": "{\"Statement\":[{\"Action\":[\"s3:GetObject\",\"s3:PutObject\"],\"Effect\":\"Allow\",\"Principal\":\"*\",\"Resource\":\"arn:aws:s3:::fl-demo-images/*\"}],\"Version\":\"2012-10-17\"}",
            "region": "us-west-1"
          },
          "sensitive_attributes": [],
          "identity_schema_version": 0,
          "identity": {
            "account_id": "652734276000",
            "bucket": "fl-demo-images",
            "region": "us-west-1"
          },
          "private": "bnVsbA==",
          "dependencies": [
            "module.fl_s3_bucket.aws_s3_bucket.fl_bucket",
            "module.fl_s3_bucket.aws_s3_bucket_public_access_block.fl_bucket_block"
          ]
        },
        {
          "index_key": "fl-demo-logs",
          "schema_version": 0,
          "attributes": {
            "bucket": "fl-demo-logs",
            "id": "fl-demo-logs",
            "policy": "{\"Statement\":[{\"Action\":\"s3:GetObject\",\"Effect\":\"Allow\",\"Principal\":\"*\",\"Resource\":\"arn:aws:s3:::fl-demo-logs/*\"}],\"Version\":\"2012-10-17\"}",
            "region": "us-west-1"
          },
          "sensitive_attributes": [],
          "identity_schema_version": 0,
          "identity": {
            "account_id": "652734276000",
            "bucket": "fl-demo-logs",
            "region": "us-west-1"
          },
          "private": "bnVsbA==",
          "dependencies": [
            "module.fl_s3_bucket.aws_s3_bucket.fl_bucket",
            "module.fl_s3_bucket.aws_s3_bucket_public_access_block.fl_bucket_block"
          ]
        },
        {
          "index_key": "fl-demo-reports",
          "schema_version": 0,
          "attributes": {
            "bucket": "fl-demo-reports",
            "id": "fl-demo-reports",
            "policy": "{\"Statement\":[{\"Action\":\"s3:DeleteObject\",\"Effect\":\"Allow\",\"Principal\":\"*\",\"Resource\":\"arn:aws:s3:::fl-demo-reports/*\"}],\"Version\":\"2012-10-17\"}",
            "region": "us-west-1"
          },
          "sensitive_attributes": [],
          "identity_schema_version": 0,
          "identity": {
            "account_id": "652734276000",
            "bucket": "fl-demo-reports",
            "region": "us-west-1"
          },
          "private": "bnVsbA==",
          "dependencies": [
            "module.fl_s3_bucket.aws_s3_bucket.fl_bucket",
            "module.fl_s3_bucket.aws_s3_bucket_public_access_block.fl_bucket_block"
          ]
        }
      ]
    },
    {
      "module": "module.fl_s3_bucket",
      "mode": "managed",
      "type": "aws_s3_bucket_public_access_block",
      "name": "fl_bucket_block",
      "provider": "provider[\"registry.terraform.io/hashicorp/aws\"]",
      "instances": [
        {
          "index_key": "fl-demo-images",
          "schema_version": 0,
          "attributes": {
            "block_public_acls": false,
            "block_public_policy": false,
            "bucket": "fl-demo-images",
            "id": "fl-demo-images",
            "ignore_public_acls": false,
            "region": "us-west-1",
            "restrict_public_buckets": false,
            "skip_destroy": null
          },
          "sensitive_attributes": [],
          "identity_schema_version": 0,
          "identity": {
            "account_id": "652734276000",
            "bucket": "fl-demo-images",
            "region": "us-west-1"
          },
          "private": "bnVsbA==",
          "dependencies": [
            "module.fl_s3_bucket.aws_s3_bucket.fl_bucket"
          ]
        },
        {
          "index_key": "fl-demo-logs",
          "schema_version": 0,
          "attributes": {
            "block_public_acls": false,
            "block_public_policy": false,
            "bucket": "fl-demo-logs",
            "id": "fl-demo-logs",
            "ignore_public_acls": false,
            "region": "us-west-1",
            "restrict_public_buckets": false,
            "skip_destroy": null
          },
          "sensitive_attributes": [],
          "identity_schema_version": 0,
          "identity": {
            "account_id": "652734276000",
            "bucket": "fl-demo-logs",
            "region": "us-west-1"
          },
          "private": "bnVsbA==",
          "dependencies": [
            "module.fl_s3_bucket.aws_s3_bucket.fl_bucket"
          ]
        },
        {
          "index_key": "fl-demo-reports",
          "schema_version": 0,
          "attributes": {
            "block_public_acls": false,
            "block_public_policy": false,
            "bucket": "fl-demo-reports",
            "id": "fl-demo-reports",
            "ignore_public_acls": false,
            "region": "us-west-1",
            "restrict_public_buckets": false,
            "skip_destroy": null
          },
          "sensitive_attributes": [],
          "identity_schema_version": 0,
          "identity": {
            "account_id": "652734276000",
            "bucket": "fl-demo-reports",
            "region": "us-west-1"
          },
          "private": "bnVsbA==",
          "dependencies": [
            "module.fl_s3_bucket.aws_s3_bucket.fl_bucket"
          ]
        }
      ]
    }
  ],
  "check_results": null
}
